
Microsoft Visual Studio Solution File, Format Version 12.00
# Visual Studio Version 16
VisualStudioVersion = 16.0.34601.136
MinimumVisualStudioVersion = 10.0.40219.1
Project("{FAE04EC0-301F-11D3-BF4B-00C04F79EFBC}") = "SistemaSupermercado.BusinessLogic", "SistemaSupermercado.BusinessLogic\SistemaSupermercado.BusinessLogic.csproj", "{8837BF82-3DB8-499F-8D58-DAEDD7B5799C}"
EndProject
Project("{FAE04EC0-301F-11D3-BF4B-00C04F79EFBC}") = "SistemaSupermercado.Common", "SistemaSupermercado.Common\SistemaSupermercado.Common.csproj", "{B5CEA54D-EB8D-43DE-B4C2-A7408F465DAC}"
EndProject
Project("{FAE04EC0-301F-11D3-BF4B-00C04F79EFBC}") = "SistemaSupermercado.DataAccess", "SistemaSupermercado.DataAccess\SistemaSupermercado.DataAccess.csproj", "{B38129EA-0916-473C-B955-07157DB0DA2C}"
EndProject
Project("{FAE04EC0-301F-11D3-BF4B-00C04F79EFBC}") = "SistemaSupermercado.Entities", "SistemaSupermercado.Entities\SistemaSupermercado.Entities.csproj", "{D664077B-0008-422C-8017-F7B9CD1E3B6C}"
EndProject
Project("{FAE04EC0-301F-11D3-BF4B-00C04F79EFBC}") = "SistemaSupermercado.API", "SistemaSupermercado.API\SistemaSupermercado.API.csproj", "{A4189708-EBA4-4CE0-84AB-7553DC975865}"
EndProject
Global
	GlobalSection(SolutionConfigurationPlatforms) = preSolution
		Debug|Any CPU = Debug|Any CPU
		Release|Any CPU = Release|Any CPU
	EndGlobalSection
	GlobalSection(ProjectConfigurationPlatforms) = postSolution
		{8837BF82-3DB8-499F-8D58-DAEDD7B5799C}.Debug|Any CPU.ActiveCfg = Debug|Any CPU
		{8837BF82-3DB8-499F-8D58-DAEDD7B5799C}.Debug|Any CPU.Build.0 = Debug|Any CPU
		{8837BF82-3DB8-499F-8D58-DAEDD7B5799C}.Release|Any CPU.ActiveCfg = Release|Any CPU
		{8837BF82-3DB8-499F-8D58-DAEDD7B5799C}.Release|Any CPU.Build.0 = Release|Any CPU
		{B5CEA54D-EB8D-43DE-B4C2-A7408F465DAC}.Debug|Any CPU.ActiveCfg = Debug|Any CPU
		{B5CEA54D-EB8D-43DE-B4C2-A7408F465DAC}.Debug|Any CPU.Build.0 = Debug|Any CPU
		{B5CEA54D-EB8D-43DE-B4C2-A7408F465DAC}.Release|Any CPU.ActiveCfg = Release|Any CPU
		{B5CEA54D-EB8D-43DE-B4C2-A7408F465DAC}.Release|Any CPU.Build.0 = Release|Any CPU
		{B38129EA-0916-473C-B955-07157DB0DA2C}.Debug|Any CPU.ActiveCfg = Debug|Any CPU
		{B38129EA-0916-473C-B955-07157DB0DA2C}.Debug|Any CPU.Build.0 = Debug|Any CPU
		{B38129EA-0916-473C-B955-07157DB0DA2C}.Release|Any CPU.ActiveCfg = Release|Any CPU
		{B38129EA-0916-473C-B955-07157DB0DA2C}.Release|Any CPU.Build.0 = Release|Any CPU
		{D664077B-0008-422C-8017-F7B9CD1E3B6C}.Debug|Any CPU.ActiveCfg = Debug|Any CPU
		{D664077B-0008-422C-8017-F7B9CD1E3B6C}.Debug|Any CPU.Build.0 = Debug|Any CPU
		{D664077B-0008-422C-8017-F7B9CD1E3B6C}.Release|Any CPU.ActiveCfg = Release|Any CPU
		{D664077B-0008-422C-8017-F7B9CD1E3B6C}.Release|Any CPU.Build.0 = Release|Any CPU
		{A4189708-EBA4-4CE0-84AB-7553DC975865}.Debug|Any CPU.ActiveCfg = Debug|Any CPU
		{A4189708-EBA4-4CE0-84AB-7553DC975865}.Debug|Any CPU.Build.0 = Debug|Any CPU
		{A4189708-EBA4-4CE0-84AB-7553DC975865}.Release|Any CPU.ActiveCfg = Release|Any CPU
		{A4189708-EBA4-4CE0-84AB-7553DC975865}.Release|Any CPU.Build.0 = Release|Any CPU
	EndGlobalSection
	GlobalSection(SolutionProperties) = preSolution
		HideSolutionNode = FALSE
	EndGlobalSection
	GlobalSection(ExtensibilityGlobals) = postSolution
		SolutionGuid = {A16B35D9-AF84-4A78-8C51-9D2D5AF7C955}
	EndGlobalSection
EndGlobal
